<Solution>
  <Folder Name="/src/">
    <Project Path="src/Words.Cli/Words.Cli.csproj" />
    <Project Path="src/Words.Core/Words.Core.csproj" />
    <Project Path="src/Words.LexiconBuilding/Words.LexiconBuilding.csproj" />
    <Project Path="src/Words.Maui/Words.Maui.csproj" />
  </Folder>
  <Folder Name="/tests/">
    <Project Path="tests/Words.Core.Benchmarks/Words.Core.Benchmarks.csproj" />
    <Project Path="tests/Words.Core.Tests/Words.Core.Tests.csproj" />
    <Project Path="tests/Words.LexiconBuilding.Tests/Words.LexiconBuilding.Tests.csproj" />
  </Folder>
</Solution>
